
Microsoft Visual Studio Solution File, Format Version 12.00
# Visual Studio Version 16
VisualStudioVersion = 25.0.1703.8
MinimumVisualStudioVersion = 10.0.40219.1
Project("{FAE04EC0-301F-11D3-BF4B-00C04F79EFBC}") = "Proyecto", "Proyecto\Proyecto.csproj", "{ABAAF9ED-BB32-45D9-BEE0-6C0C3BB1FACB}"
EndProject
Global
	GlobalSection(SolutionConfigurationPlatforms) = preSolution
		Debug|Any CPU = Debug|Any CPU
		Release|Any CPU = Release|Any CPU
	EndGlobalSection
	GlobalSection(ProjectConfigurationPlatforms) = postSolution
		{ABAAF9ED-BB32-45D9-BEE0-6C0C3BB1FACB}.Debug|Any CPU.ActiveCfg = Debug|Any CPU
		{ABAAF9ED-BB32-45D9-BEE0-6C0C3BB1FACB}.Debug|Any CPU.Build.0 = Debug|Any CPU
		{ABAAF9ED-BB32-45D9-BEE0-6C0C3BB1FACB}.Release|Any CPU.ActiveCfg = Release|Any CPU
		{ABAAF9ED-BB32-45D9-BEE0-6C0C3BB1FACB}.Release|Any CPU.Build.0 = Release|Any CPU
	EndGlobalSection
	GlobalSection(SolutionProperties) = preSolution
		HideSolutionNode = FALSE
	EndGlobalSection
	GlobalSection(ExtensibilityGlobals) = postSolution
		SolutionGuid = {91E65CC1-872D-4A2F-89AE-F9529A47A0B8}
	EndGlobalSection
EndGlobal
